// !$*UTF8*$!
{
	archiveVersion = 1;
	classes = {
	};
	objectVersion = 56;
	objects = {

/* Begin PBXBuildFile section */
		395002FF29BB613B00ACAA70 /* PlenyTaskApp.swift in Sources */ = {isa = PBXBuildFile; fileRef = 395002FE29BB613B00ACAA70 /* PlenyTaskApp.swift */; };
		3950030129BB613B00ACAA70 /* ContentView.swift in Sources */ = {isa = PBXBuildFile; fileRef = 3950030029BB613B00ACAA70 /* ContentView.swift */; };
		3950030329BB613C00ACAA70 /* Assets.xcassets in Resources */ = {isa = PBXBuildFile; fileRef = 3950030229BB613C00ACAA70 /* Assets.xcassets */; };
		3950030629BB613D00ACAA70 /* Preview Assets.xcassets in Resources */ = {isa = PBXBuildFile; fileRef = 3950030529BB613D00ACAA70 /* Preview Assets.xcassets */; };
		3950030829BB613D00ACAA70 /* Persistence.swift in Sources */ = {isa = PBXBuildFile; fileRef = 3950030729BB613D00ACAA70 /* Persistence.swift */; };
		3950030B29BB613D00ACAA70 /* PlenyTask.xcdatamodeld in Sources */ = {isa = PBXBuildFile; fileRef = 3950030929BB613D00ACAA70 /* PlenyTask.xcdatamodeld */; };
		3950031529BB613D00ACAA70 /* PlenyTaskTests.swift in Sources */ = {isa = PBXBuildFile; fileRef = 3950031429BB613D00ACAA70 /* PlenyTaskTests.swift */; };
		3950031F29BB613D00ACAA70 /* PlenyTaskUITests.swift in Sources */ = {isa = PBXBuildFile; fileRef = 3950031E29BB613D00ACAA70 /* PlenyTaskUITests.swift */; };
		3950032129BB613D00ACAA70 /* PlenyTaskUITestsLaunchTests.swift in Sources */ = {isa = PBXBuildFile; fileRef = 3950032029BB613D00ACAA70 /* PlenyTaskUITestsLaunchTests.swift */; };
		3950032F29BB616900ACAA70 /* User.swift in Sources */ = {isa = PBXBuildFile; fileRef = 3950032E29BB616900ACAA70 /* User.swift */; };
		3950033129BB617E00ACAA70 /* Post.swift in Sources */ = {isa = PBXBuildFile; fileRef = 3950033029BB617E00ACAA70 /* Post.swift */; };
		3950033429BB632500ACAA70 /* LoginView.swift in Sources */ = {isa = PBXBuildFile; fileRef = 3950033329BB632500ACAA70 /* LoginView.swift */; };
/* End PBXBuildFile section */

/* Begin PBXContainerItemProxy section */
		3950031129BB613D00ACAA70 /* PBXContainerItemProxy */ = {
			isa = PBXContainerItemProxy;
			containerPortal = 395002F329BB613B00ACAA70 /* Project object */;
			proxyType = 1;
			remoteGlobalIDString = 395002FA29BB613B00ACAA70;
			remoteInfo = PlenyTask;
		};
		3950031B29BB613D00ACAA70 /* PBXContainerItemProxy */ = {
			isa = PBXContainerItemProxy;
			containerPortal = 395002F329BB613B00ACAA70 /* Project object */;
			proxyType = 1;
			remoteGlobalIDString = 395002FA29BB613B00ACAA70;
			remoteInfo = PlenyTask;
		};
/* End PBXContainerItemProxy section */

/* Begin PBXFileReference section */
		395002FB29BB613B00ACAA70 /* PlenyTask.app */ = {isa = PBXFileReference; explicitFileType = wrapper.application; includeInIndex = 0; path = PlenyTask.app; sourceTree = BUILT_PRODUCTS_DIR; };
		395002FE29BB613B00ACAA70 /* PlenyTaskApp.swift */ = {isa = PBXFileReference; lastKnownFileType = sourcecode.swift; path = PlenyTaskApp.swift; sourceTree = "<group>"; };
		3950030029BB613B00ACAA70 /* ContentView.swift */ = {isa = PBXFileReference; lastKnownFileType = sourcecode.swift; path = ContentView.swift; sourceTree = "<group>"; };
		3950030229BB613C00ACAA70 /* Assets.xcassets */ = {isa = PBXFileReference; lastKnownFileType = folder.assetcatalog; path = Assets.xcassets; sourceTree = "<group>"; };
		3950030529BB613D00ACAA70 /* Preview Assets.xcassets */ = {isa = PBXFileReference; lastKnownFileType = folder.assetcatalog; path = "Preview Assets.xcassets"; sourceTree = "<group>"; };
		3950030729BB613D00ACAA70 /* Persistence.swift */ = {isa = PBXFileReference; lastKnownFileType = sourcecode.swift; path = Persistence.swift; sourceTree = "<group>"; };
		3950030A29BB613D00ACAA70 /* PlenyTask.xcdatamodel */ = {isa = PBXFileReference; lastKnownFileType = wrapper.xcdatamodel; path = PlenyTask.xcdatamodel; sourceTree = "<group>"; };
		3950031029BB613D00ACAA70 /* PlenyTaskTests.xctest */ = {isa = PBXFileReference; explicitFileType = wrapper.cfbundle; includeInIndex = 0; path = PlenyTaskTests.xctest; sourceTree = BUILT_PRODUCTS_DIR; };
		3950031429BB613D00ACAA70 /* PlenyTaskTests.swift */ = {isa = PBXFileReference; lastKnownFileType = sourcecode.swift; path = PlenyTaskTests.swift; sourceTree = "<group>"; };
		3950031A29BB613D00ACAA70 /* PlenyTaskUITests.xctest */ = {isa = PBXFileReference; explicitFileType = wrapper.cfbundle; includeInIndex = 0; path = PlenyTaskUITests.xctest; sourceTree = BUILT_PRODUCTS_DIR; };
		3950031E29BB613D00ACAA70 /* PlenyTaskUITests.swift */ = {isa = PBXFileReference; lastKnownFileType = sourcecode.swift; path = PlenyTaskUITests.swift; sourceTree = "<group>"; };
		3950032029BB613D00ACAA70 /* PlenyTaskUITestsLaunchTests.swift */ = {isa = PBXFileReference; lastKnownFileType = sourcecode.swift; path = PlenyTaskUITestsLaunchTests.swift; sourceTree = "<group>"; };
		3950032E29BB616900ACAA70 /* User.swift */ = {isa = PBXFileReference; lastKnownFileType = sourcecode.swift; path = User.swift; sourceTree = "<group>"; };
		3950033029BB617E00ACAA70 /* Post.swift */ = {isa = PBXFileReference; lastKnownFileType = sourcecode.swift; path = Post.swift; sourceTree = "<group>"; };
		3950033329BB632500ACAA70 /* LoginView.swift */ = {isa = PBXFileReference; lastKnownFileType = sourcecode.swift; path = LoginView.swift; sourceTree = "<group>"; };
/* End PBXFileReference section */

/* Begin PBXFrameworksBuildPhase section */
		395002F829BB613B00ACAA70 /* Frameworks */ = {
			isa = PBXFrameworksBuildPhase;
			buildActionMask = 2147483647;
			files = (
			);
			runOnlyForDeploymentPostprocessing = 0;
		};
		3950030D29BB613D00ACAA70 /* Frameworks */ = {
			isa = PBXFrameworksBuildPhase;
			buildActionMask = 2147483647;
			files = (
			);
			runOnlyForDeploymentPostprocessing = 0;
		};
		3950031729BB613D00ACAA70 /* Frameworks */ = {
			isa = PBXFrameworksBuildPhase;
			buildActionMask = 2147483647;
			files = (
			);
			runOnlyForDeploymentPostprocessing = 0;
		};
/* End PBXFrameworksBuildPhase section */

/* Begin PBXGroup section */
		395002F229BB613B00ACAA70 = {
			isa = PBXGroup;
			children = (
				395002FD29BB613B00ACAA70 /* PlenyTask */,
				3950031329BB613D00ACAA70 /* PlenyTaskTests */,
				3950031D29BB613D00ACAA70 /* PlenyTaskUITests */,
				395002FC29BB613B00ACAA70 /* Products */,
			);
			sourceTree = "<group>";
		};
		395002FC29BB613B00ACAA70 /* Products */ = {
			isa = PBXGroup;
			children = (
				395002FB29BB613B00ACAA70 /* PlenyTask.app */,
				3950031029BB613D00ACAA70 /* PlenyTaskTests.xctest */,
				3950031A29BB613D00ACAA70 /* PlenyTaskUITests.xctest */,
			);
			name = Products;
			sourceTree = "<group>";
		};
		395002FD29BB613B00ACAA70 /* PlenyTask */ = {
			isa = PBXGroup;
			children = (
				3950033229BB626000ACAA70 /* View */,
				3950032D29BB615600ACAA70 /* Model */,
				395002FE29BB613B00ACAA70 /* PlenyTaskApp.swift */,
				3950030029BB613B00ACAA70 /* ContentView.swift */,
				3950030229BB613C00ACAA70 /* Assets.xcassets */,
				3950030729BB613D00ACAA70 /* Persistence.swift */,
				3950030929BB613D00ACAA70 /* PlenyTask.xcdatamodeld */,
				3950030429BB613D00ACAA70 /* Preview Content */,
			);
			path = PlenyTask;
			sourceTree = "<group>";
		};
		3950030429BB613D00ACAA70 /* Preview Content */ = {
			isa = PBXGroup;
			children = (
				3950030529BB613D00ACAA70 /* Preview Assets.xcassets */,
			);
			path = "Preview Content";
			sourceTree = "<group>";
		};
		3950031329BB613D00ACAA70 /* PlenyTaskTests */ = {
			isa = PBXGroup;
			children = (
				3950031429BB613D00ACAA70 /* PlenyTaskTests.swift */,
			);
			path = PlenyTaskTests;
			sourceTree = "<group>";
		};
		3950031D29BB613D00ACAA70 /* PlenyTaskUITests */ = {
			isa = PBXGroup;
			children = (
				3950031E29BB613D00ACAA70 /* PlenyTaskUITests.swift */,
				3950032029BB613D00ACAA70 /* PlenyTaskUITestsLaunchTests.swift */,
			);
			path = PlenyTaskUITests;
			sourceTree = "<group>";
		};
		3950032D29BB615600ACAA70 /* Model */ = {
			isa = PBXGroup;
			children = (
				3950032E29BB616900ACAA70 /* User.swift */,
				3950033029BB617E00ACAA70 /* Post.swift */,
			);
			path = Model;
			sourceTree = "<group>";
		};
		3950033229BB626000ACAA70 /* View */ = {
			isa = PBXGroup;
			children = (
				3950033329BB632500ACAA70 /* LoginView.swift */,
			);
			path = View;
			sourceTree = "<group>";
		};
/* End PBXGroup section */

/* Begin PBXNativeTarget section */
		395002FA29BB613B00ACAA70 /* PlenyTask */ = {
			isa = PBXNativeTarget;
			buildConfigurationList = 3950032429BB613D00ACAA70 /* Build configuration list for PBXNativeTarget "PlenyTask" */;
			buildPhases = (
				395002F729BB613B00ACAA70 /* Sources */,
				395002F829BB613B00ACAA70 /* Frameworks */,
				395002F929BB613B00ACAA70 /* Resources */,
			);
			buildRules = (
			);
			dependencies = (
			);
			name = PlenyTask;
			productName = PlenyTask;
			productReference = 395002FB29BB613B00ACAA70 /* PlenyTask.app */;
			productType = "com.apple.product-type.application";
		};
		3950030F29BB613D00ACAA70 /* PlenyTaskTests */ = {
			isa = PBXNativeTarget;
			buildConfigurationList = 3950032729BB613D00ACAA70 /* Build configuration list for PBXNativeTarget "PlenyTaskTests" */;
			buildPhases = (
				3950030C29BB613D00ACAA70 /* Sources */,
				3950030D29BB613D00ACAA70 /* Frameworks */,
				3950030E29BB613D00ACAA70 /* Resources */,
			);
			buildRules = (
			);
			dependencies = (
				3950031229BB613D00ACAA70 /* PBXTargetDependency */,
			);
			name = PlenyTaskTests;
			productName = PlenyTaskTests;
			productReference = 3950031029BB613D00ACAA70 /* PlenyTaskTests.xctest */;
			productType = "com.apple.product-type.bundle.unit-test";
		};
		3950031929BB613D00ACAA70 /* PlenyTaskUITests */ = {
			isa = PBXNativeTarget;
			buildConfigurationList = 3950032A29BB613D00ACAA70 /* Build configuration list for PBXNativeTarget "PlenyTaskUITests" */;
			buildPhases = (
				3950031629BB613D00ACAA70 /* Sources */,
				3950031729BB613D00ACAA70 /* Frameworks */,
				3950031829BB613D00ACAA70 /* Resources */,
			);
			buildRules = (
			);
			dependencies = (
				3950031C29BB613D00ACAA70 /* PBXTargetDependency */,
			);
			name = PlenyTaskUITests;
			productName = PlenyTaskUITests;
			productReference = 3950031A29BB613D00ACAA70 /* PlenyTaskUITests.xctest */;
			productType = "com.apple.product-type.bundle.ui-testing";
		};
/* End PBXNativeTarget section */

/* Begin PBXProject section */
		395002F329BB613B00ACAA70 /* Project object */ = {
			isa = PBXProject;
			attributes = {
				BuildIndependentTargetsInParallel = 1;
				LastSwiftUpdateCheck = 1420;
				LastUpgradeCheck = 1420;
				TargetAttributes = {
					395002FA29BB613B00ACAA70 = {
						CreatedOnToolsVersion = 14.2;
					};
					3950030F29BB613D00ACAA70 = {
						CreatedOnToolsVersion = 14.2;
						TestTargetID = 395002FA29BB613B00ACAA70;
					};
					3950031929BB613D00ACAA70 = {
						CreatedOnToolsVersion = 14.2;
						TestTargetID = 395002FA29BB613B00ACAA70;
					};
				};
			};
			buildConfigurationList = 395002F629BB613B00ACAA70 /* Build configuration list for PBXProject "PlenyTask" */;
			compatibilityVersion = "Xcode 14.0";
			developmentRegion = en;
			hasScannedForEncodings = 0;
			knownRegions = (
				en,
				Base,
			);
			mainGroup = 395002F229BB613B00ACAA70;
			productRefGroup = 395002FC29BB613B00ACAA70 /* Products */;
			projectDirPath = "";
			projectRoot = "";
			targets = (
				395002FA29BB613B00ACAA70 /* PlenyTask */,
				3950030F29BB613D00ACAA70 /* PlenyTaskTests */,
				3950031929BB613D00ACAA70 /* PlenyTaskUITests */,
			);
		};
/* End PBXProject section */

/* Begin PBXResourcesBuildPhase section */
		395002F929BB613B00ACAA70 /* Resources */ = {
			isa = PBXResourcesBuildPhase;
			buildActionMask = 2147483647;
			files = (
				3950030629BB613D00ACAA70 /* Preview Assets.xcassets in Resources */,
				3950030329BB613C00ACAA70 /* Assets.xcassets in Resources */,
			);
			runOnlyForDeploymentPostprocessing = 0;
		};
		3950030E29BB613D00ACAA70 /* Resources */ = {
			isa = PBXResourcesBuildPhase;
			buildActionMask = 2147483647;
			files = (
			);
			runOnlyForDeploymentPostprocessing = 0;
		};
		3950031829BB613D00ACAA70 /* Resources */ = {
			isa = PBXResourcesBuildPhase;
			buildActionMask = 2147483647;
			files = (
			);
			runOnlyForDeploymentPostprocessing = 0;
		};
/* End PBXResourcesBuildPhase section */

/* Begin PBXSourcesBuildPhase section */
		395002F729BB613B00ACAA70 /* Sources */ = {
			isa = PBXSourcesBuildPhase;
			buildActionMask = 2147483647;
			files = (
				3950030829BB613D00ACAA70 /* Persistence.swift in Sources */,
				3950033429BB632500ACAA70 /* LoginView.swift in Sources */,
				3950030B29BB613D00ACAA70 /* PlenyTask.xcdatamodeld in Sources */,
				3950030129BB613B00ACAA70 /* ContentView.swift in Sources */,
				3950033129BB617E00ACAA70 /* Post.swift in Sources */,
				3950032F29BB616900ACAA70 /* User.swift in Sources */,
				395002FF29BB613B00ACAA70 /* PlenyTaskApp.swift in Sources */,
			);
			runOnlyForDeploymentPostprocessing = 0;
		};
		3950030C29BB613D00ACAA70 /* Sources */ = {
			isa = PBXSourcesBuildPhase;
			buildActionMask = 2147483647;
			files = (
				3950031529BB613D00ACAA70 /* PlenyTaskTests.swift in Sources */,
			);
			runOnlyForDeploymentPostprocessing = 0;
		};
		3950031629BB613D00ACAA70 /* Sources */ = {
			isa = PBXSourcesBuildPhase;
			buildActionMask = 2147483647;
			files = (
				3950032129BB613D00ACAA70 /* PlenyTaskUITestsLaunchTests.swift in Sources */,
				3950031F29BB613D00ACAA70 /* PlenyTaskUITests.swift in Sources */,
			);
			runOnlyForDeploymentPostprocessing = 0;
		};
/* End PBXSourcesBuildPhase section */

/* Begin PBXTargetDependency section */
		3950031229BB613D00ACAA70 /* PBXTargetDependency */ = {
			isa = PBXTargetDependency;
			target = 395002FA29BB613B00ACAA70 /* PlenyTask */;
			targetProxy = 3950031129BB613D00ACAA70 /* PBXContainerItemProxy */;
		};
		3950031C29BB613D00ACAA70 /* PBXTargetDependency */ = {
			isa = PBXTargetDependency;
			target = 395002FA29BB613B00ACAA70 /* PlenyTask */;
			targetProxy = 3950031B29BB613D00ACAA70 /* PBXContainerItemProxy */;
		};
/* End PBXTargetDependency section */

/* Begin XCBuildConfiguration section */
		3950032229BB613D00ACAA70 /* Debug */ = {
			isa = XCBuildConfiguration;
			buildSettings = {
				ALWAYS_SEARCH_USER_PATHS = NO;
				CLANG_ANALYZER_NONNULL = YES;
				CLANG_ANALYZER_NUMBER_OBJECT_CONVERSION = YES_AGGRESSIVE;
				CLANG_CXX_LANGUAGE_STANDARD = "gnu++20";
				CLANG_ENABLE_MODULES = YES;
				CLANG_ENABLE_OBJC_ARC = YES;
				CLANG_ENABLE_OBJC_WEAK = YES;
				CLANG_WARN_BLOCK_CAPTURE_AUTORELEASING = YES;
				CLANG_WARN_BOOL_CONVERSION = YES;
				CLANG_WARN_COMMA = YES;
				CLANG_WARN_CONSTANT_CONVERSION = YES;
				CLANG_WARN_DEPRECATED_OBJC_IMPLEMENTATIONS = YES;
				CLANG_WARN_DIRECT_OBJC_ISA_USAGE = YES_ERROR;
				CLANG_WARN_DOCUMENTATION_COMMENTS = YES;
				CLANG_WARN_EMPTY_BODY = YES;
				CLANG_WARN_ENUM_CONVERSION = YES;
				CLANG_WARN_INFINITE_RECURSION = YES;
				CLANG_WARN_INT_CONVERSION = YES;
				CLANG_WARN_NON_LITERAL_NULL_CONVERSION = YES;
				CLANG_WARN_OBJC_IMPLICIT_RETAIN_SELF = YES;
				CLANG_WARN_OBJC_LITERAL_CONVERSION = YES;
				CLANG_WARN_OBJC_ROOT_CLASS = YES_ERROR;
				CLANG_WARN_QUOTED_INCLUDE_IN_FRAMEWORK_HEADER = YES;
				CLANG_WARN_RANGE_LOOP_ANALYSIS = YES;
				CLANG_WARN_STRICT_PROTOTYPES = YES;
				CLANG_WARN_SUSPICIOUS_MOVE = YES;
				CLANG_WARN_UNGUARDED_AVAILABILITY = YES_AGGRESSIVE;
				CLANG_WARN_UNREACHABLE_CODE = YES;
				CLANG_WARN__DUPLICATE_METHOD_MATCH = YES;
				COPY_PHASE_STRIP = NO;
				DEBUG_INFORMATION_FORMAT = dwarf;
				ENABLE_STRICT_OBJC_MSGSEND = YES;
				ENABLE_TESTABILITY = YES;
				GCC_C_LANGUAGE_STANDARD = gnu11;
				GCC_DYNAMIC_NO_PIC = NO;
				GCC_NO_COMMON_BLOCKS = YES;
				GCC_OPTIMIZATION_LEVEL = 0;
				GCC_PREPROCESSOR_DEFINITIONS = (
					"DEBUG=1",
					"$(inherited)",
				);
				GCC_WARN_64_TO_32_BIT_CONVERSION = YES;
				GCC_WARN_ABOUT_RETURN_TYPE = YES_ERROR;
				GCC_WARN_UNDECLARED_SELECTOR = YES;
				GCC_WARN_UNINITIALIZED_AUTOS = YES_AGGRESSIVE;
				GCC_WARN_UNUSED_FUNCTION = YES;
				GCC_WARN_UNUSED_VARIABLE = YES;
				IPHONEOS_DEPLOYMENT_TARGET = 16.2;
				MTL_ENABLE_DEBUG_INFO = INCLUDE_SOURCE;
				MTL_FAST_MATH = YES;
				ONLY_ACTIVE_ARCH = YES;
				SDKROOT = iphoneos;
				SWIFT_ACTIVE_COMPILATION_CONDITIONS = DEBUG;
				SWIFT_OPTIMIZATION_LEVEL = "-Onone";
			};
			name = Debug;
		};
		3950032329BB613D00ACAA70 /* Release */ = {
			isa = XCBuildConfiguration;
			buildSettings = {
				ALWAYS_SEARCH_USER_PATHS = NO;
				CLANG_ANALYZER_NONNULL = YES;
				CLANG_ANALYZER_NUMBER_OBJECT_CONVERSION = YES_AGGRESSIVE;
				CLANG_CXX_LANGUAGE_STANDARD = "gnu++20";
				CLANG_ENABLE_MODULES = YES;
				CLANG_ENABLE_OBJC_ARC = YES;
				CLANG_ENABLE_OBJC_WEAK = YES;
				CLANG_WARN_BLOCK_CAPTURE_AUTORELEASING = YES;
				CLANG_WARN_BOOL_CONVERSION = YES;
				CLANG_WARN_COMMA = YES;
				CLANG_WARN_CONSTANT_CONVERSION = YES;
				CLANG_WARN_DEPRECATED_OBJC_IMPLEMENTATIONS = YES;
				CLANG_WARN_DIRECT_OBJC_ISA_USAGE = YES_ERROR;
				CLANG_WARN_DOCUMENTATION_COMMENTS = YES;
				CLANG_WARN_EMPTY_BODY = YES;
				CLANG_WARN_ENUM_CONVERSION = YES;
				CLANG_WARN_INFINITE_RECURSION = YES;
				CLANG_WARN_INT_CONVERSION = YES;
				CLANG_WARN_NON_LITERAL_NULL_CONVERSION = YES;
				CLANG_WARN_OBJC_IMPLICIT_RETAIN_SELF = YES;
				CLANG_WARN_OBJC_LITERAL_CONVERSION = YES;
				CLANG_WARN_OBJC_ROOT_CLASS = YES_ERROR;
				CLANG_WARN_QUOTED_INCLUDE_IN_FRAMEWORK_HEADER = YES;
				CLANG_WARN_RANGE_LOOP_ANALYSIS = YES;
				CLANG_WARN_STRICT_PROTOTYPES = YES;
				CLANG_WARN_SUSPICIOUS_MOVE = YES;
				CLANG_WARN_UNGUARDED_AVAILABILITY = YES_AGGRESSIVE;
				CLANG_WARN_UNREACHABLE_CODE = YES;
				CLANG_WARN__DUPLICATE_METHOD_MATCH = YES;
				COPY_PHASE_STRIP = NO;
				DEBUG_INFORMATION_FORMAT = "dwarf-with-dsym";
				ENABLE_NS_ASSERTIONS = NO;
				ENABLE_STRICT_OBJC_MSGSEND = YES;
				GCC_C_LANGUAGE_STANDARD = gnu11;
				GCC_NO_COMMON_BLOCKS = YES;
				GCC_WARN_64_TO_32_BIT_CONVERSION = YES;
				GCC_WARN_ABOUT_RETURN_TYPE = YES_ERROR;
				GCC_WARN_UNDECLARED_SELECTOR = YES;
				GCC_WARN_UNINITIALIZED_AUTOS = YES_AGGRESSIVE;
				GCC_WARN_UNUSED_FUNCTION = YES;
				GCC_WARN_UNUSED_VARIABLE = YES;
				IPHONEOS_DEPLOYMENT_TARGET = 16.2;
				MTL_ENABLE_DEBUG_INFO = NO;
				MTL_FAST_MATH = YES;
				SDKROOT = iphoneos;
				SWIFT_COMPILATION_MODE = wholemodule;
				SWIFT_OPTIMIZATION_LEVEL = "-O";
				VALIDATE_PRODUCT = YES;
			};
			name = Release;
		};
		3950032529BB613D00ACAA70 /* Debug */ = {
			isa = XCBuildConfiguration;
			buildSettings = {
				ASSETCATALOG_COMPILER_APPICON_NAME = AppIcon;
				ASSETCATALOG_COMPILER_GLOBAL_ACCENT_COLOR_NAME = AccentColor;
				CODE_SIGN_STYLE = Automatic;
				CURRENT_PROJECT_VERSION = 1;
				DEVELOPMENT_ASSET_PATHS = "\"PlenyTask/Preview Content\"";
				DEVELOPMENT_TEAM = S832A38562;
				ENABLE_PREVIEWS = YES;
				GENERATE_INFOPLIST_FILE = YES;
				INFOPLIST_KEY_UIApplicationSceneManifest_Generation = YES;
				INFOPLIST_KEY_UIApplicationSupportsIndirectInputEvents = YES;
				INFOPLIST_KEY_UILaunchScreen_Generation = YES;
				INFOPLIST_KEY_UISupportedInterfaceOrientations_iPad = "UIInterfaceOrientationPortrait UIInterfaceOrientationPortraitUpsideDown UIInterfaceOrientationLandscapeLeft UIInterfaceOrientationLandscapeRight";
				INFOPLIST_KEY_UISupportedInterfaceOrientations_iPhone = "UIInterfaceOrientationPortrait UIInterfaceOrientationLandscapeLeft UIInterfaceOrientationLandscapeRight";
				LD_RUNPATH_SEARCH_PATHS = (
					"$(inherited)",
					"@executable_path/Frameworks",
				);
				MARKETING_VERSION = 1.0;
				PRODUCT_BUNDLE_IDENTIFIER = com.PlenyTask.PlenyTask;
				PRODUCT_NAME = "$(TARGET_NAME)";
				SWIFT_EMIT_LOC_STRINGS = YES;
				SWIFT_VERSION = 5.0;
				TARGETED_DEVICE_FAMILY = "1,2";
			};
			name = Debug;
		};
		3950032629BB613D00ACAA70 /* Release */ = {
			isa = XCBuildConfiguration;
			buildSettings = {
				ASSETCATALOG_COMPILER_APPICON_NAME = AppIcon;
				ASSETCATALOG_COMPILER_GLOBAL_ACCENT_COLOR_NAME = AccentColor;
				CODE_SIGN_STYLE = Automatic;
				CURRENT_PROJECT_VERSION = 1;
				DEVELOPMENT_ASSET_PATHS = "\"PlenyTask/Preview Content\"";
				DEVELOPMENT_TEAM = S832A38562;
				ENABLE_PREVIEWS = YES;
				GENERATE_INFOPLIST_FILE = YES;
				INFOPLIST_KEY_UIApplicationSceneManifest_Generation = YES;
				INFOPLIST_KEY_UIApplicationSupportsIndirectInputEvents = YES;
				INFOPLIST_KEY_UILaunchScreen_Generation = YES;
				INFOPLIST_KEY_UISupportedInterfaceOrientations_iPad = "UIInterfaceOrientationPortrait UIInterfaceOrientationPortraitUpsideDown UIInterfaceOrientationLandscapeLeft UIInterfaceOrientationLandscapeRight";
				INFOPLIST_KEY_UISupportedInterfaceOrientations_iPhone = "UIInterfaceOrientationPortrait UIInterfaceOrientationLandscapeLeft UIInterfaceOrientationLandscapeRight";
				LD_RUNPATH_SEARCH_PATHS = (
					"$(inherited)",
					"@executable_path/Frameworks",
				);
				MARKETING_VERSION = 1.0;
				PRODUCT_BUNDLE_IDENTIFIER = com.PlenyTask.PlenyTask;
				PRODUCT_NAME = "$(TARGET_NAME)";
				SWIFT_EMIT_LOC_STRINGS = YES;
				SWIFT_VERSION = 5.0;
				TARGETED_DEVICE_FAMILY = "1,2";
			};
			name = Release;
		};
		3950032829BB613D00ACAA70 /* Debug */ = {
			isa = XCBuildConfiguration;
			buildSettings = {
				ALWAYS_EMBED_SWIFT_STANDARD_LIBRARIES = YES;
				BUNDLE_LOADER = "$(TEST_HOST)";
				CODE_SIGN_STYLE = Automatic;
				CURRENT_PROJECT_VERSION = 1;
				DEVELOPMENT_TEAM = S832A38562;
				GENERATE_INFOPLIST_FILE = YES;
				IPHONEOS_DEPLOYMENT_TARGET = 16.2;
				MARKETING_VERSION = 1.0;
				PRODUCT_BUNDLE_IDENTIFIER = com.PlenyTask.PlenyTaskTests;
				PRODUCT_NAME = "$(TARGET_NAME)";
				SWIFT_EMIT_LOC_STRINGS = NO;
				SWIFT_VERSION = 5.0;
				TARGETED_DEVICE_FAMILY = "1,2";
				TEST_HOST = "$(BUILT_PRODUCTS_DIR)/PlenyTask.app/$(BUNDLE_EXECUTABLE_FOLDER_PATH)/PlenyTask";
			};
			name = Debug;
		};
		3950032929BB613D00ACAA70 /* Release */ = {
			isa = XCBuildConfiguration;
			buildSettings = {
				ALWAYS_EMBED_SWIFT_STANDARD_LIBRARIES = YES;
				BUNDLE_LOADER = "$(TEST_HOST)";
				CODE_SIGN_STYLE = Automatic;
				CURRENT_PROJECT_VERSION = 1;
				DEVELOPMENT_TEAM = S832A38562;
				GENERATE_INFOPLIST_FILE = YES;
				IPHONEOS_DEPLOYMENT_TARGET = 16.2;
				MARKETING_VERSION = 1.0;
				PRODUCT_BUNDLE_IDENTIFIER = com.PlenyTask.PlenyTaskTests;
				PRODUCT_NAME = "$(TARGET_NAME)";
				SWIFT_EMIT_LOC_STRINGS = NO;
				SWIFT_VERSION = 5.0;
				TARGETED_DEVICE_FAMILY = "1,2";
				TEST_HOST = "$(BUILT_PRODUCTS_DIR)/PlenyTask.app/$(BUNDLE_EXECUTABLE_FOLDER_PATH)/PlenyTask";
			};
			name = Release;
		};
		3950032B29BB613D00ACAA70 /* Debug */ = {
			isa = XCBuildConfiguration;
			buildSettings = {
				ALWAYS_EMBED_SWIFT_STANDARD_LIBRARIES = YES;
				CODE_SIGN_STYLE = Automatic;
				CURRENT_PROJECT_VERSION = 1;
				DEVELOPMENT_TEAM = S832A38562;
				GENERATE_INFOPLIST_FILE = YES;
				MARKETING_VERSION = 1.0;
				PRODUCT_BUNDLE_IDENTIFIER = com.PlenyTask.PlenyTaskUITests;
				PRODUCT_NAME = "$(TARGET_NAME)";
				SWIFT_EMIT_LOC_STRINGS = NO;
				SWIFT_VERSION = 5.0;
				TARGETED_DEVICE_FAMILY = "1,2";
				TEST_TARGET_NAME = PlenyTask;
			};
			name = Debug;
		};
		3950032C29BB613D00ACAA70 /* Release */ = {
			isa = XCBuildConfiguration;
			buildSettings = {
				ALWAYS_EMBED_SWIFT_STANDARD_LIBRARIES = YES;
				CODE_SIGN_STYLE = Automatic;
				CURRENT_PROJECT_VERSION = 1;
				DEVELOPMENT_TEAM = S832A38562;
				GENERATE_INFOPLIST_FILE = YES;
				MARKETING_VERSION = 1.0;
				PRODUCT_BUNDLE_IDENTIFIER = com.PlenyTask.PlenyTaskUITests;
				PRODUCT_NAME = "$(TARGET_NAME)";
				SWIFT_EMIT_LOC_STRINGS = NO;
				SWIFT_VERSION = 5.0;
				TARGETED_DEVICE_FAMILY = "1,2";
				TEST_TARGET_NAME = PlenyTask;
			};
			name = Release;
		};
/* End XCBuildConfiguration section */

/* Begin XCConfigurationList section */
		395002F629BB613B00ACAA70 /* Build configuration list for PBXProject "PlenyTask" */ = {
			isa = XCConfigurationList;
			buildConfigurations = (
				3950032229BB613D00ACAA70 /* Debug */,
				3950032329BB613D00ACAA70 /* Release */,
			);
			defaultConfigurationIsVisible = 0;
			defaultConfigurationName = Release;
		};
		3950032429BB613D00ACAA70 /* Build configuration list for PBXNativeTarget "PlenyTask" */ = {
			isa = XCConfigurationList;
			buildConfigurations = (
				3950032529BB613D00ACAA70 /* Debug */,
				3950032629BB613D00ACAA70 /* Release */,
			);
			defaultConfigurationIsVisible = 0;
			defaultConfigurationName = Release;
		};
		3950032729BB613D00ACAA70 /* Build configuration list for PBXNativeTarget "PlenyTaskTests" */ = {
			isa = XCConfigurationList;
			buildConfigurations = (
				3950032829BB613D00ACAA70 /* Debug */,
				3950032929BB613D00ACAA70 /* Release */,
			);
			defaultConfigurationIsVisible = 0;
			defaultConfigurationName = Release;
		};
		3950032A29BB613D00ACAA70 /* Build configuration list for PBXNativeTarget "PlenyTaskUITests" */ = {
			isa = XCConfigurationList;
			buildConfigurations = (
				3950032B29BB613D00ACAA70 /* Debug */,
				3950032C29BB613D00ACAA70 /* Release */,
			);
			defaultConfigurationIsVisible = 0;
			defaultConfigurationName = Release;
		};
/* End XCConfigurationList section */

/* Begin XCVersionGroup section */
		3950030929BB613D00ACAA70 /* PlenyTask.xcdatamodeld */ = {
			isa = XCVersionGroup;
			children = (
				3950030A29BB613D00ACAA70 /* PlenyTask.xcdatamodel */,
			);
			currentVersion = 3950030A29BB613D00ACAA70 /* PlenyTask.xcdatamodel */;
			path = PlenyTask.xcdatamodeld;
			sourceTree = "<group>";
			versionGroupType = wrapper.xcdatamodel;
		};
/* End XCVersionGroup section */
	};
	rootObject = 395002F329BB613B00ACAA70 /* Project object */;
}
